
Microsoft Visual Studio Solution File, Format Version 12.00
# Visual Studio Version 17
VisualStudioVersion = 17.8.34525.116
MinimumVisualStudioVersion = 10.0.40219.1
Project("{FAE04EC0-301F-11D3-BF4B-00C04F79EFBC}") = "FoodyProject", "FoodyProject\FoodyProject.csproj", "{1C3E1BCD-7283-4991-8724-D873B52232EC}"
EndProject
Global
	GlobalSection(SolutionConfigurationPlatforms) = preSolution
		Debug|Any CPU = Debug|Any CPU
		Release|Any CPU = Release|Any CPU
	EndGlobalSection
	GlobalSection(ProjectConfigurationPlatforms) = postSolution
		{1C3E1BCD-7283-4991-8724-D873B52232EC}.Debug|Any CPU.ActiveCfg = Debug|Any CPU
		{1C3E1BCD-7283-4991-8724-D873B52232EC}.Debug|Any CPU.Build.0 = Debug|Any CPU
		{1C3E1BCD-7283-4991-8724-D873B52232EC}.Release|Any CPU.ActiveCfg = Release|Any CPU
		{1C3E1BCD-7283-4991-8724-D873B52232EC}.Release|Any CPU.Build.0 = Release|Any CPU
	EndGlobalSection
	GlobalSection(SolutionProperties) = preSolution
		HideSolutionNode = FALSE
	EndGlobalSection
	GlobalSection(ExtensibilityGlobals) = postSolution
		SolutionGuid = {51C1D210-5CC3-4A00-8943-E28E464B51FA}
	EndGlobalSection
EndGlobal
